lockfileVersion: 5.4

specifiers:
  '@babel/runtime': ^7.18.0
  '@lessonup/package-a': 0.0.1
  '@snowplow/browser-tracker': ^3.4.0
  '@types/meteor': ^1.4.81
  '@types/mocha': ^8.2.3
  react: 17.0.2
  react-dom: 17.0.2
  scheduler: ^0.22.0
  typescript: 4.6.4

dependencies:
  '@babel/runtime': 7.18.3
  '@lessonup/package-a': link:../../packages/package-a
  '@snowplow/browser-tracker': 3.4.0
  react: 17.0.2
  react-dom: 17.0.2_react@17.0.2
  scheduler: 0.22.0

devDependencies:
  '@types/meteor': 1.4.87
  '@types/mocha': 8.2.3
  typescript: 4.6.4

packages:

  /@babel/runtime/7.18.3:
    resolution: {integrity: sha512-38Y8f7YUhce/K7RMwTp7m0uCumpv9hZkitCbBClqQIow1qSbCvGkcegKOXpEWCQLfWmevgRiWokZ1GkpfhbZug==}
    engines: {node: '>=6.9.0'}
    dependencies:
      regenerator-runtime: 0.13.9
    dev: false

  /@snowplow/browser-tracker-core/3.4.0:
    resolution: {integrity: sha512-Eav/+UnfnytnuGVJRh8wjIdAN2Qx/IZxAtDtNj0cu+WQactAnSJBeUuaWOrcasXbvrMchlF+GyvA/PiOXLeDTQ==}
    dependencies:
      '@snowplow/tracker-core': 3.4.0
      sha1: 1.1.1
      tslib: 2.4.0
      uuid: 3.4.0
    dev: false

  /@snowplow/browser-tracker/3.4.0:
    resolution: {integrity: sha512-kOzTFAc4cwr/CJLA+lpwR0eDc0vmcIIjlX6veoRXiELb7tR1JFdCjaQirSmQ1mLjjxTjqrkBPb+2TNhxtCzw0g==}
    dependencies:
      '@snowplow/browser-tracker-core': 3.4.0
      '@snowplow/tracker-core': 3.4.0
      tslib: 2.4.0
    dev: false

  /@snowplow/tracker-core/3.4.0:
    resolution: {integrity: sha512-HINAMZdvcQwIOZVVM8UtNZB2X33m7+gAIzDj3YQxvzphDUo7+GPCmmoVZmP9C2m6HovtBbKDX7slruvWFh+kcw==}
    dependencies:
      tslib: 2.4.0
      uuid: 3.4.0
    dev: false

  /@types/bson/4.2.0:
    resolution: {integrity: sha512-ELCPqAdroMdcuxqwMgUpifQyRoTpyYCNr1V9xKyF40VsBobsj+BbWNRvwGchMgBPGqkw655ypkjj2MEF5ywVwg==}
    deprecated: This is a stub types definition. bson provides its own type definitions, so you do not need this installed.
    dependencies:
      bson: 4.6.4
    dev: true

  /@types/connect/3.4.35:
    resolution: {integrity: sha512-cdeYyv4KWoEgpBISTxWvqYsVy444DOqehiF3fM3ne10AmJ62RSyNkUnxMJXHQWRQQX2eR94m5y1IZyDwBjV9FQ==}
    dependencies:
      '@types/node': 17.0.35
    dev: true

  /@types/jquery/3.5.14:
    resolution: {integrity: sha512-X1gtMRMbziVQkErhTQmSe2jFwwENA/Zr+PprCkF63vFq+Yt5PZ4AlKqgmeNlwgn7dhsXEK888eIW2520EpC+xg==}
    dependencies:
      '@types/sizzle': 2.3.3
    dev: true

  /@types/meteor/1.4.87:
    resolution: {integrity: sha512-UU2rJvq3jkCYc//OXL482OLfwYOf8WQTiTRfYiCHJnzvhUHsg0Cx6iSzzThPuFGupp6FgmSeenJBwmt854hh7w==}
    dependencies:
      '@types/connect': 3.4.35
      '@types/jquery': 3.5.14
      '@types/mongodb': 3.6.20
      '@types/react': 18.0.9
      '@types/underscore': 1.11.4
    dev: true

  /@types/mocha/8.2.3:
    resolution: {integrity: sha512-ekGvFhFgrc2zYQoX4JeZPmVzZxw6Dtllga7iGHzfbYIYkAMUx/sAFP2GdFpLff+vdHXu5fl7WX9AT+TtqYcsyw==}
    dev: true

  /@types/mongodb/3.6.20:
    resolution: {integrity: sha512-WcdpPJCakFzcWWD9juKoZbRtQxKIMYF/JIAM4JrNHrMcnJL6/a2NWjXxW7fo9hxboxxkg+icff8d7+WIEvKgYQ==}
    dependencies:
      '@types/bson': 4.2.0
      '@types/node': 17.0.35
    dev: true

  /@types/node/17.0.35:
    resolution: {integrity: sha512-vu1SrqBjbbZ3J6vwY17jBs8Sr/BKA+/a/WtjRG+whKg1iuLFOosq872EXS0eXWILdO36DHQQeku/ZcL6hz2fpg==}
    dev: true

  /@types/prop-types/15.7.5:
    resolution: {integrity: sha512-JCB8C6SnDoQf0cNycqd/35A7MjcnK+ZTqE7judS6o7utxUCg6imJg3QK2qzHKszlTjcj2cn+NwMB2i96ubpj7w==}
    dev: true

  /@types/react/18.0.9:
    resolution: {integrity: sha512-9bjbg1hJHUm4De19L1cHiW0Jvx3geel6Qczhjd0qY5VKVE2X5+x77YxAepuCwVh4vrgZJdgEJw48zrhRIeF4Nw==}
    dependencies:
      '@types/prop-types': 15.7.5
      '@types/scheduler': 0.16.2
      csstype: 3.1.0
    dev: true

  /@types/scheduler/0.16.2:
    resolution: {integrity: sha512-hppQEBDmlwhFAXKJX2KnWLYu5yMfi91yazPb2l+lbJiwW+wdo1gNeRA+3RgNSO39WYX2euey41KEwnqesU2Jew==}
    dev: true

  /@types/sizzle/2.3.3:
    resolution: {integrity: sha512-JYM8x9EGF163bEyhdJBpR2QX1R5naCJHC8ucJylJ3w9/CVBaskdQ8WqBf8MmQrd1kRvp/a4TS8HJ+bxzR7ZJYQ==}
    dev: true

  /@types/underscore/1.11.4:
    resolution: {integrity: sha512-uO4CD2ELOjw8tasUrAhvnn2W4A0ZECOvMjCivJr4gA9pGgjv+qxKWY9GLTMVEK8ej85BxQOocUyE7hImmSQYcg==}
    dev: true

  /base64-js/1.5.1:
    resolution: {integrity: sha512-AKpaYlHn8t4SVbOHCy+b5+KKgvR4vrsD8vbvrbiQJps7fKDTkjkDry6ji0rUJjC0kzbNePLwzxq8iypo41qeWA==}
    dev: true

  /bson/4.6.4:
    resolution: {integrity: sha512-TdQ3FzguAu5HKPPlr0kYQCyrYUYh8tFM+CMTpxjNzVzxeiJY00Rtuj3LXLHSgiGvmaWlZ8PE+4KyM2thqE38pQ==}
    engines: {node: '>=6.9.0'}
    dependencies:
      buffer: 5.7.1
    dev: true

  /buffer/5.7.1:
    resolution: {integrity: sha512-EHcyIPBQ4BSGlvjB16k5KgAJ27CIsHY/2JBmCRReo48y9rQ3MaUzWX3KVlBa4U7MyX02HdVj0K7C3WaB3ju7FQ==}
    dependencies:
      base64-js: 1.5.1
      ieee754: 1.2.1
    dev: true

  /charenc/0.0.2:
    resolution: {integrity: sha512-yrLQ/yVUFXkzg7EDQsPieE/53+0RlaWTs+wBrvW36cyilJ2SaDWfl4Yj7MtLTXleV9uEKefbAGUPv2/iWSooRA==}
    dev: false

  /crypt/0.0.2:
    resolution: {integrity: sha1-iNf/fsDfuG9xPch7u0LQRNPmxBs=}
    dev: false

  /csstype/3.1.0:
    resolution: {integrity: sha512-uX1KG+x9h5hIJsaKR9xHUeUraxf8IODOwq9JLNPq6BwB04a/xgpq3rcx47l5BZu5zBPlgD342tdke3Hom/nJRA==}
    dev: true

  /ieee754/1.2.1:
    resolution: {integrity: sha512-dcyqhDvX1C46lXZcVqCpK+FtMRQVdIMN6/Df5js2zouUsqG7I6sFxitIC+7KYK29KdXOLHdu9zL4sFnoVQnqaA==}
    dev: true

  /js-tokens/4.0.0:
    resolution: {integrity: sha512-RdJUflcE3cUzKiMqQgsCu06FPu9UdIJO0beYbPhHN4k6apgJtifcoCtT9bcxOpYBtpD2kCM6Sbzg4CausW/PKQ==}
    dev: false

  /loose-envify/1.4.0:
    resolution: {integrity: sha512-lyuxPGr/Wfhrlem2CL/UcnUc1zcqKAImBDzukY7Y5F/yQiNdko6+fRLevlw1HgMySw7f611UIY408EtxRSoK3Q==}
    hasBin: true
    dependencies:
      js-tokens: 4.0.0
    dev: false

  /object-assign/4.1.1:
    resolution: {integrity: sha1-IQmtx5ZYh8/AXLvUQsrIv7s2CGM=}
    engines: {node: '>=0.10.0'}
    dev: false

  /react-dom/17.0.2_react@17.0.2:
    resolution: {integrity: sha512-s4h96KtLDUQlsENhMn1ar8t2bEa+q/YAtj8pPPdIjPDGBDIVNsrD9aXNWqspUe6AzKCIG0C1HZZLqLV7qpOBGA==}
    peerDependencies:
      react: 17.0.2
    dependencies:
      loose-envify: 1.4.0
      object-assign: 4.1.1
      react: 17.0.2
      scheduler: 0.20.2
    dev: false

  /react/17.0.2:
    resolution: {integrity: sha512-gnhPt75i/dq/z3/6q/0asP78D0u592D5L1pd7M8P+dck6Fu/jJeL6iVVK23fptSUZj8Vjf++7wXA8UNclGQcbA==}
    engines: {node: '>=0.10.0'}
    dependencies:
      loose-envify: 1.4.0
      object-assign: 4.1.1
    dev: false

  /regenerator-runtime/0.13.9:
    resolution: {integrity: sha512-p3VT+cOEgxFsRRA9X4lkI1E+k2/CtnKtU4gcxyaCUreilL/vqI6CdZ3wxVUx3UOUg+gnUOQQcRI7BmSI656MYA==}
    dev: false

  /scheduler/0.20.2:
    resolution: {integrity: sha512-2eWfGgAqqWFGqtdMmcL5zCMK1U8KlXv8SQFGglL3CEtd0aDVDWgeF/YoCmvln55m5zSk3J/20hTaSBeSObsQDQ==}
    dependencies:
      loose-envify: 1.4.0
      object-assign: 4.1.1
    dev: false

  /scheduler/0.22.0:
    resolution: {integrity: sha512-6QAm1BgQI88NPYymgGQLCZgvep4FyePDWFpXVK+zNSUgHwlqpJy8VEh8Et0KxTACS4VWwMousBElAZOH9nkkoQ==}
    dependencies:
      loose-envify: 1.4.0
    dev: false

  /sha1/1.1.1:
    resolution: {integrity: sha1-rdqnqTFo85PxnrKxUJFhjicA+Eg=}
    dependencies:
      charenc: 0.0.2
      crypt: 0.0.2
    dev: false

  /tslib/2.4.0:
    resolution: {integrity: sha512-d6xOpEDfsi2CZVlPQzGeux8XMwLT9hssAsaPYExaQMuYskwb+x1x7J371tWlbBdWHroy99KnVB6qIkUbs5X3UQ==}
    dev: false

  /typescript/4.6.4:
    resolution: {integrity: sha512-9ia/jWHIEbo49HfjrLGfKbZSuWo9iTMwXO+Ca3pRsSpbsMbc7/IU8NKdCZVRRBafVPGnoJeFL76ZOAA84I9fEg==}
    engines: {node: '>=4.2.0'}
    hasBin: true
    dev: true

  /uuid/3.4.0:
    resolution: {integrity: sha512-HjSDRw6gZE5JMggctHBcjVak08+KEVhSIiDzFnT9S9aegmp85S/bReBVTb4QTFaRNptJ9kuYaNhnbNEOkbKb/A==}
    deprecated: Please upgrade  to version 7 or higher.  Older versions may use Math.random() in certain circumstances, which is known to be problematic.  See https://v8.dev/blog/math-random for details.
    hasBin: true
    dev: false
